// !$*UTF8*$!
{
	archiveVersion = 1;
	classes = {
	};
	objectVersion = 46;
	objects = {

/* Begin PBXBuildFile section */
		35CE044E1D9695970087B0D0 /* AppDelegate.swift in Sources */ = {isa = PBXBuildFile; fileRef = 35CE044D1D9695970087B0D0 /* AppDelegate.swift */; };
		35CE04561D9695970087B0D0 /* DemoInSwiftThree.xcdatamodeld in Sources */ = {isa = PBXBuildFile; fileRef = 35CE04541D9695970087B0D0 /* DemoInSwiftThree.xcdatamodeld */; };
		35CE04581D9695970087B0D0 /* Assets.xcassets in Resources */ = {isa = PBXBuildFile; fileRef = 35CE04571D9695970087B0D0 /* Assets.xcassets */; };
		35CE045B1D9695970087B0D0 /* LaunchScreen.storyboard in Resources */ = {isa = PBXBuildFile; fileRef = 35CE04591D9695970087B0D0 /* LaunchScreen.storyboard */; };
		35CE04661D9695970087B0D0 /* DemoInSwiftThreeTests.swift in Sources */ = {isa = PBXBuildFile; fileRef = 35CE04651D9695970087B0D0 /* DemoInSwiftThreeTests.swift */; };
		35CE04711D9695970087B0D0 /* DemoInSwiftThreeUITests.swift in Sources */ = {isa = PBXBuildFile; fileRef = 35CE04701D9695970087B0D0 /* DemoInSwiftThreeUITests.swift */; };
		35CE04821D9698220087B0D0 /* HotelDetailContainerViewController.swift in Sources */ = {isa = PBXBuildFile; fileRef = 35CE04801D9698220087B0D0 /* HotelDetailContainerViewController.swift */; };
		35CE04831D9698220087B0D0 /* HotelDetailContainerViewController.xib in Resources */ = {isa = PBXBuildFile; fileRef = 35CE04811D9698220087B0D0 /* HotelDetailContainerViewController.xib */; };
		35EA611C1D96C363007208B0 /* APIController.swift in Sources */ = {isa = PBXBuildFile; fileRef = 35EA61191D96C363007208B0 /* APIController.swift */; };
		35EA611D1D96C363007208B0 /* BasicRequest.swift in Sources */ = {isa = PBXBuildFile; fileRef = 35EA611A1D96C363007208B0 /* BasicRequest.swift */; };
		35EA611E1D96C363007208B0 /* APIController + Utils.swift in Sources */ = {isa = PBXBuildFile; fileRef = 35EA611B1D96C363007208B0 /* APIController + Utils.swift */; };
		35EA61211D96F26E007208B0 /* APIController + Hotel.swift in Sources */ = {isa = PBXBuildFile; fileRef = 35EA61201D96F26E007208B0 /* APIController + Hotel.swift */; };
		35EA61231D96F2FA007208B0 /* APIEndpoints.swift in Sources */ = {isa = PBXBuildFile; fileRef = 35EA61221D96F2FA007208B0 /* APIEndpoints.swift */; };
		35EA61261D96F5DF007208B0 /* JSONParseable.swift in Sources */ = {isa = PBXBuildFile; fileRef = 35EA61251D96F5DF007208B0 /* JSONParseable.swift */; };
		35EA61281D96F70C007208B0 /* Hotel.swift in Sources */ = {isa = PBXBuildFile; fileRef = 35EA61271D96F70C007208B0 /* Hotel.swift */; };
		35EA612A1D970A9E007208B0 /* Flight.swift in Sources */ = {isa = PBXBuildFile; fileRef = 35EA61291D970A9E007208B0 /* Flight.swift */; };
		AF80966CC024F1EF3FE07362 /* Pods_DemoInSwiftThree.framework in Frameworks */ = {isa = PBXBuildFile; fileRef = 16B289D7C41180ADB5439A5B /* Pods_DemoInSwiftThree.framework */; };
/* End PBXBuildFile section */

/* Begin PBXContainerItemProxy section */
		35CE04621D9695970087B0D0 /* PBXContainerItemProxy */ = {
			isa = PBXContainerItemProxy;
			containerPortal = 35CE04421D9695970087B0D0 /* Project object */;
			proxyType = 1;
			remoteGlobalIDString = 35CE04491D9695970087B0D0;
			remoteInfo = DemoInSwiftThree;
		};
		35CE046D1D9695970087B0D0 /* PBXContainerItemProxy */ = {
			isa = PBXContainerItemProxy;
			containerPortal = 35CE04421D9695970087B0D0 /* Project object */;
			proxyType = 1;
			remoteGlobalIDString = 35CE04491D9695970087B0D0;
			remoteInfo = DemoInSwiftThree;
		};
/* End PBXContainerItemProxy section */

/* Begin PBXFileReference section */
		16B289D7C41180ADB5439A5B /* Pods_DemoInSwiftThree.framework */ = {isa = PBXFileReference; explicitFileType = wrapper.framework; includeInIndex = 0; path = Pods_DemoInSwiftThree.framework; sourceTree = BUILT_PRODUCTS_DIR; };
		35CE044A1D9695970087B0D0 /* DemoInSwiftThree.app */ = {isa = PBXFileReference; explicitFileType = wrapper.application; includeInIndex = 0; path = DemoInSwiftThree.app; sourceTree = BUILT_PRODUCTS_DIR; };
		35CE044D1D9695970087B0D0 /* AppDelegate.swift */ = {isa = PBXFileReference; lastKnownFileType = sourcecode.swift; path = AppDelegate.swift; sourceTree = "<group>"; };
		35CE04551D9695970087B0D0 /* DemoInSwiftThree.xcdatamodel */ = {isa = PBXFileReference; lastKnownFileType = wrapper.xcdatamodel; path = DemoInSwiftThree.xcdatamodel; sourceTree = "<group>"; };
		35CE04571D9695970087B0D0 /* Assets.xcassets */ = {isa = PBXFileReference; lastKnownFileType = folder.assetcatalog; path = Assets.xcassets; sourceTree = "<group>"; };
		35CE045A1D9695970087B0D0 /* Base */ = {isa = PBXFileReference; lastKnownFileType = file.storyboard; name = Base; path = Base.lproj/LaunchScreen.storyboard; sourceTree = "<group>"; };
		35CE045C1D9695970087B0D0 /* Info.plist */ = {isa = PBXFileReference; lastKnownFileType = text.plist.xml; path = Info.plist; sourceTree = "<group>"; };
		35CE04611D9695970087B0D0 /* DemoInSwiftThreeTests.xctest */ = {isa = PBXFileReference; explicitFileType = wrapper.cfbundle; includeInIndex = 0; path = DemoInSwiftThreeTests.xctest; sourceTree = BUILT_PRODUCTS_DIR; };
		35CE04651D9695970087B0D0 /* DemoInSwiftThreeTests.swift */ = {isa = PBXFileReference; lastKnownFileType = sourcecode.swift; path = DemoInSwiftThreeTests.swift; sourceTree = "<group>"; };
		35CE04671D9695970087B0D0 /* Info.plist */ = {isa = PBXFileReference; lastKnownFileType = text.plist.xml; path = Info.plist; sourceTree = "<group>"; };
		35CE046C1D9695970087B0D0 /* DemoInSwiftThreeUITests.xctest */ = {isa = PBXFileReference; explicitFileType = wrapper.cfbundle; includeInIndex = 0; path = DemoInSwiftThreeUITests.xctest; sourceTree = BUILT_PRODUCTS_DIR; };
		35CE04701D9695970087B0D0 /* DemoInSwiftThreeUITests.swift */ = {isa = PBXFileReference; lastKnownFileType = sourcecode.swift; path = DemoInSwiftThreeUITests.swift; sourceTree = "<group>"; };
		35CE04721D9695970087B0D0 /* Info.plist */ = {isa = PBXFileReference; lastKnownFileType = text.plist.xml; path = Info.plist; sourceTree = "<group>"; };
		35CE04801D9698220087B0D0 /* HotelDetailContainerViewController.swift */ = {isa = PBXFileReference; fileEncoding = 4; lastKnownFileType = sourcecode.swift; path = HotelDetailContainerViewController.swift; sourceTree = "<group>"; };
		35CE04811D9698220087B0D0 /* HotelDetailContainerViewController.xib */ = {isa = PBXFileReference; fileEncoding = 4; lastKnownFileType = file.xib; path = HotelDetailContainerViewController.xib; sourceTree = "<group>"; };
		35EA61191D96C363007208B0 /* APIController.swift */ = {isa = PBXFileReference; fileEncoding = 4; lastKnownFileType = sourcecode.swift; path = APIController.swift; sourceTree = "<group>"; };
		35EA611A1D96C363007208B0 /* BasicRequest.swift */ = {isa = PBXFileReference; fileEncoding = 4; lastKnownFileType = sourcecode.swift; path = BasicRequest.swift; sourceTree = "<group>"; };
		35EA611B1D96C363007208B0 /* APIController + Utils.swift */ = {isa = PBXFileReference; fileEncoding = 4; lastKnownFileType = sourcecode.swift; path = "APIController + Utils.swift"; sourceTree = "<group>"; };
		35EA61201D96F26E007208B0 /* APIController + Hotel.swift */ = {isa = PBXFileReference; fileEncoding = 4; lastKnownFileType = sourcecode.swift; path = "APIController + Hotel.swift"; sourceTree = "<group>"; };
		35EA61221D96F2FA007208B0 /* APIEndpoints.swift */ = {isa = PBXFileReference; fileEncoding = 4; lastKnownFileType = sourcecode.swift; path = APIEndpoints.swift; sourceTree = "<group>"; };
		35EA61251D96F5DF007208B0 /* JSONParseable.swift */ = {isa = PBXFileReference; fileEncoding = 4; lastKnownFileType = sourcecode.swift; path = JSONParseable.swift; sourceTree = "<group>"; };
		35EA61271D96F70C007208B0 /* Hotel.swift */ = {isa = PBXFileReference; fileEncoding = 4; lastKnownFileType = sourcecode.swift; path = Hotel.swift; sourceTree = "<group>"; };
		35EA61291D970A9E007208B0 /* Flight.swift */ = {isa = PBXFileReference; fileEncoding = 4; lastKnownFileType = sourcecode.swift; path = Flight.swift; sourceTree = "<group>"; };
		3AB26B8344BCF835D2E30321 /* Pods-DemoInSwiftThree.release.xcconfig */ = {isa = PBXFileReference; includeInIndex = 1; lastKnownFileType = text.xcconfig; name = "Pods-DemoInSwiftThree.release.xcconfig"; path = "Pods/Target Support Files/Pods-DemoInSwiftThree/Pods-DemoInSwiftThree.release.xcconfig"; sourceTree = "<group>"; };
		8038E91B8763D903071464C0 /* Pods-DemoInSwiftThree.debug.xcconfig */ = {isa = PBXFileReference; includeInIndex = 1; lastKnownFileType = text.xcconfig; name = "Pods-DemoInSwiftThree.debug.xcconfig"; path = "Pods/Target Support Files/Pods-DemoInSwiftThree/Pods-DemoInSwiftThree.debug.xcconfig"; sourceTree = "<group>"; };
/* End PBXFileReference section */

/* Begin PBXFrameworksBuildPhase section */
		35CE04471D9695970087B0D0 /* Frameworks */ = {
			isa = PBXFrameworksBuildPhase;
			buildActionMask = 2147483647;
			files = (
				AF80966CC024F1EF3FE07362 /* Pods_DemoInSwiftThree.framework in Frameworks */,
			);
			runOnlyForDeploymentPostprocessing = 0;
		};
		35CE045E1D9695970087B0D0 /* Frameworks */ = {
			isa = PBXFrameworksBuildPhase;
			buildActionMask = 2147483647;
			files = (
			);
			runOnlyForDeploymentPostprocessing = 0;
		};
		35CE04691D9695970087B0D0 /* Frameworks */ = {
			isa = PBXFrameworksBuildPhase;
			buildActionMask = 2147483647;
			files = (
			);
			runOnlyForDeploymentPostprocessing = 0;
		};
/* End PBXFrameworksBuildPhase section */

/* Begin PBXGroup section */
		35CE04411D9695970087B0D0 = {
			isa = PBXGroup;
			children = (
				35CE044C1D9695970087B0D0 /* DemoInSwiftThree */,
				35CE04641D9695970087B0D0 /* DemoInSwiftThreeTests */,
				35CE046F1D9695970087B0D0 /* DemoInSwiftThreeUITests */,
				35CE044B1D9695970087B0D0 /* Products */,
				9DFD882F8EC4DD89906FEFC9 /* Pods */,
				DD7B1CC13EBF79612076BCB2 /* Frameworks */,
			);
			sourceTree = "<group>";
		};
		35CE044B1D9695970087B0D0 /* Products */ = {
			isa = PBXGroup;
			children = (
				35CE044A1D9695970087B0D0 /* DemoInSwiftThree.app */,
				35CE04611D9695970087B0D0 /* DemoInSwiftThreeTests.xctest */,
				35CE046C1D9695970087B0D0 /* DemoInSwiftThreeUITests.xctest */,
			);
			name = Products;
			sourceTree = "<group>";
		};
		35CE044C1D9695970087B0D0 /* DemoInSwiftThree */ = {
			isa = PBXGroup;
			children = (
				35CE044D1D9695970087B0D0 /* AppDelegate.swift */,
				35EA611F1D96F211007208B0 /* Service */,
				35EA61241D96F58A007208B0 /* Model */,
				35CE047E1D9695AC0087B0D0 /* Main */,
				35CE04541D9695970087B0D0 /* DemoInSwiftThree.xcdatamodeld */,
				35CE047F1D9695D70087B0D0 /* Supporting Files */,
			);
			path = DemoInSwiftThree;
			sourceTree = "<group>";
		};
		35CE04641D9695970087B0D0 /* DemoInSwiftThreeTests */ = {
			isa = PBXGroup;
			children = (
				35CE04651D9695970087B0D0 /* DemoInSwiftThreeTests.swift */,
				35CE04671D9695970087B0D0 /* Info.plist */,
			);
			path = DemoInSwiftThreeTests;
			sourceTree = "<group>";
		};
		35CE046F1D9695970087B0D0 /* DemoInSwiftThreeUITests */ = {
			isa = PBXGroup;
			children = (
				35CE04701D9695970087B0D0 /* DemoInSwiftThreeUITests.swift */,
				35CE04721D9695970087B0D0 /* Info.plist */,
			);
			path = DemoInSwiftThreeUITests;
			sourceTree = "<group>";
		};
		35CE047E1D9695AC0087B0D0 /* Main */ = {
			isa = PBXGroup;
			children = (
				35CE04801D9698220087B0D0 /* HotelDetailContainerViewController.swift */,
				35CE04811D9698220087B0D0 /* HotelDetailContainerViewController.xib */,
			);
			name = Main;
			sourceTree = "<group>";
		};
		35CE047F1D9695D70087B0D0 /* Supporting Files */ = {
			isa = PBXGroup;
			children = (
				35CE04571D9695970087B0D0 /* Assets.xcassets */,
				35CE04591D9695970087B0D0 /* LaunchScreen.storyboard */,
				35CE045C1D9695970087B0D0 /* Info.plist */,
			);
			name = "Supporting Files";
			sourceTree = "<group>";
		};
		35EA611F1D96F211007208B0 /* Service */ = {
			isa = PBXGroup;
			children = (
				35EA61191D96C363007208B0 /* APIController.swift */,
				35EA61221D96F2FA007208B0 /* APIEndpoints.swift */,
				35EA611A1D96C363007208B0 /* BasicRequest.swift */,
				35EA611B1D96C363007208B0 /* APIController + Utils.swift */,
				35EA61201D96F26E007208B0 /* APIController + Hotel.swift */,
			);
			name = Service;
			sourceTree = "<group>";
		};
		35EA61241D96F58A007208B0 /* Model */ = {
			isa = PBXGroup;
			children = (
				35EA61251D96F5DF007208B0 /* JSONParseable.swift */,
				35EA61271D96F70C007208B0 /* Hotel.swift */,
				35EA61291D970A9E007208B0 /* Flight.swift */,
			);
			name = Model;
			sourceTree = "<group>";
		};
		9DFD882F8EC4DD89906FEFC9 /* Pods */ = {
			isa = PBXGroup;
			children = (
				8038E91B8763D903071464C0 /* Pods-DemoInSwiftThree.debug.xcconfig */,
				3AB26B8344BCF835D2E30321 /* Pods-DemoInSwiftThree.release.xcconfig */,
			);
			name = Pods;
			sourceTree = "<group>";
		};
		DD7B1CC13EBF79612076BCB2 /* Frameworks */ = {
			isa = PBXGroup;
			children = (
				16B289D7C41180ADB5439A5B /* Pods_DemoInSwiftThree.framework */,
			);
			name = Frameworks;
			sourceTree = "<group>";
		};
/* End PBXGroup section */

/* Begin PBXNativeTarget section */
		35CE04491D9695970087B0D0 /* DemoInSwiftThree */ = {
			isa = PBXNativeTarget;
			buildConfigurationList = 35CE04751D9695970087B0D0 /* Build configuration list for PBXNativeTarget "DemoInSwiftThree" */;
			buildPhases = (
				9D930976DBE6301415F751D3 /* [CP] Check Pods Manifest.lock */,
				35CE04461D9695970087B0D0 /* Sources */,
				35CE04471D9695970087B0D0 /* Frameworks */,
				35CE04481D9695970087B0D0 /* Resources */,
				50E4B9F56BFBB5809BF492B7 /* [CP] Embed Pods Frameworks */,
				CECB7F53275B7FCE18D920A6 /* [CP] Copy Pods Resources */,
			);
			buildRules = (
			);
			dependencies = (
			);
			name = DemoInSwiftThree;
			productName = DemoInSwiftThree;
			productReference = 35CE044A1D9695970087B0D0 /* DemoInSwiftThree.app */;
			productType = "com.apple.product-type.application";
		};
		35CE04601D9695970087B0D0 /* DemoInSwiftThreeTests */ = {
			isa = PBXNativeTarget;
			buildConfigurationList = 35CE04781D9695970087B0D0 /* Build configuration list for PBXNativeTarget "DemoInSwiftThreeTests" */;
			buildPhases = (
				35CE045D1D9695970087B0D0 /* Sources */,
				35CE045E1D9695970087B0D0 /* Frameworks */,
				35CE045F1D9695970087B0D0 /* Resources */,
			);
			buildRules = (
			);
			dependencies = (
				35CE04631D9695970087B0D0 /* PBXTargetDependency */,
			);
			name = DemoInSwiftThreeTests;
			productName = DemoInSwiftThreeTests;
			productReference = 35CE04611D9695970087B0D0 /* DemoInSwiftThreeTests.xctest */;
			productType = "com.apple.product-type.bundle.unit-test";
		};
		35CE046B1D9695970087B0D0 /* DemoInSwiftThreeUITests */ = {
			isa = PBXNativeTarget;
			buildConfigurationList = 35CE047B1D9695970087B0D0 /* Build configuration list for PBXNativeTarget "DemoInSwiftThreeUITests" */;
			buildPhases = (
				35CE04681D9695970087B0D0 /* Sources */,
				35CE04691D9695970087B0D0 /* Frameworks */,
				35CE046A1D9695970087B0D0 /* Resources */,
			);
			buildRules = (
			);
			dependencies = (
				35CE046E1D9695970087B0D0 /* PBXTargetDependency */,
			);
			name = DemoInSwiftThreeUITests;
			productName = DemoInSwiftThreeUITests;
			productReference = 35CE046C1D9695970087B0D0 /* DemoInSwiftThreeUITests.xctest */;
			productType = "com.apple.product-type.bundle.ui-testing";
		};
/* End PBXNativeTarget section */

/* Begin PBXProject section */
		35CE04421D9695970087B0D0 /* Project object */ = {
			isa = PBXProject;
			attributes = {
				LastSwiftUpdateCheck = 0800;
				LastUpgradeCheck = 0800;
				ORGANIZATIONNAME = RyanWillis;
				TargetAttributes = {
					35CE04491D9695970087B0D0 = {
						CreatedOnToolsVersion = 8.0;
						ProvisioningStyle = Automatic;
					};
					35CE04601D9695970087B0D0 = {
						CreatedOnToolsVersion = 8.0;
						ProvisioningStyle = Automatic;
						TestTargetID = 35CE04491D9695970087B0D0;
					};
					35CE046B1D9695970087B0D0 = {
						CreatedOnToolsVersion = 8.0;
						ProvisioningStyle = Automatic;
						TestTargetID = 35CE04491D9695970087B0D0;
					};
				};
			};
			buildConfigurationList = 35CE04451D9695970087B0D0 /* Build configuration list for PBXProject "DemoInSwiftThree" */;
			compatibilityVersion = "Xcode 3.2";
			developmentRegion = English;
			hasScannedForEncodings = 0;
			knownRegions = (
				en,
				Base,
			);
			mainGroup = 35CE04411D9695970087B0D0;
			productRefGroup = 35CE044B1D9695970087B0D0 /* Products */;
			projectDirPath = "";
			projectRoot = "";
			targets = (
				35CE04491D9695970087B0D0 /* DemoInSwiftThree */,
				35CE04601D9695970087B0D0 /* DemoInSwiftThreeTests */,
				35CE046B1D9695970087B0D0 /* DemoInSwiftThreeUITests */,
			);
		};
/* End PBXProject section */

/* Begin PBXResourcesBuildPhase section */
		35CE04481D9695970087B0D0 /* Resources */ = {
			isa = PBXResourcesBuildPhase;
			buildActionMask = 2147483647;
			files = (
				35CE045B1D9695970087B0D0 /* LaunchScreen.storyboard in Resources */,
				35CE04831D9698220087B0D0 /* HotelDetailContainerViewController.xib in Resources */,
				35CE04581D9695970087B0D0 /* Assets.xcassets in Resources */,
			);
			runOnlyForDeploymentPostprocessing = 0;
		};
		35CE045F1D9695970087B0D0 /* Resources */ = {
			isa = PBXResourcesBuildPhase;
			buildActionMask = 2147483647;
			files = (
			);
			runOnlyForDeploymentPostprocessing = 0;
		};
		35CE046A1D9695970087B0D0 /* Resources */ = {
			isa = PBXResourcesBuildPhase;
			buildActionMask = 2147483647;
			files = (
			);
			runOnlyForDeploymentPostprocessing = 0;
		};
/* End PBXResourcesBuildPhase section */

/* Begin PBXShellScriptBuildPhase section */
		50E4B9F56BFBB5809BF492B7 /* [CP] Embed Pods Frameworks */ = {
			isa = PBXShellScriptBuildPhase;
			buildActionMask = 2147483647;
			files = (
			);
			inputPaths = (
			);
			name = "[CP] Embed Pods Frameworks";
			outputPaths = (
			);
			runOnlyForDeploymentPostprocessing = 0;
			shellPath = /bin/sh;
			shellScript = "\"${SRCROOT}/Pods/Target Support Files/Pods-DemoInSwiftThree/Pods-DemoInSwiftThree-frameworks.sh\"\n";
			showEnvVarsInLog = 0;
		};
		9D930976DBE6301415F751D3 /* [CP] Check Pods Manifest.lock */ = {
			isa = PBXShellScriptBuildPhase;
			buildActionMask = 2147483647;
			files = (
			);
			inputPaths = (
			);
			name = "[CP] Check Pods Manifest.lock";
			outputPaths = (
			);
			runOnlyForDeploymentPostprocessing = 0;
			shellPath = /bin/sh;
			shellScript = "diff \"${PODS_ROOT}/../Podfile.lock\" \"${PODS_ROOT}/Manifest.lock\" > /dev/null\nif [ $? != 0 ] ; then\n    # print error to STDERR\n    echo \"error: The sandbox is not in sync with the Podfile.lock. Run 'pod install' or update your CocoaPods installation.\" >&2\n    exit 1\nfi\n";
			showEnvVarsInLog = 0;
		};
		CECB7F53275B7FCE18D920A6 /* [CP] Copy Pods Resources */ = {
			isa = PBXShellScriptBuildPhase;
			buildActionMask = 2147483647;
			files = (
			);
			inputPaths = (
			);
			name = "[CP] Copy Pods Resources";
			outputPaths = (
			);
			runOnlyForDeploymentPostprocessing = 0;
			shellPath = /bin/sh;
			shellScript = "\"${SRCROOT}/Pods/Target Support Files/Pods-DemoInSwiftThree/Pods-DemoInSwiftThree-resources.sh\"\n";
			showEnvVarsInLog = 0;
		};
/* End PBXShellScriptBuildPhase section */

/* Begin PBXSourcesBuildPhase section */
		35CE04461D9695970087B0D0 /* Sources */ = {
			isa = PBXSourcesBuildPhase;
			buildActionMask = 2147483647;
			files = (
				35EA61281D96F70C007208B0 /* Hotel.swift in Sources */,
				35EA611E1D96C363007208B0 /* APIController + Utils.swift in Sources */,
				35EA611D1D96C363007208B0 /* BasicRequest.swift in Sources */,
				35EA611C1D96C363007208B0 /* APIController.swift in Sources */,
				35EA61261D96F5DF007208B0 /* JSONParseable.swift in Sources */,
				35EA61231D96F2FA007208B0 /* APIEndpoints.swift in Sources */,
				35CE04561D9695970087B0D0 /* DemoInSwiftThree.xcdatamodeld in Sources */,
				35CE044E1D9695970087B0D0 /* AppDelegate.swift in Sources */,
				35CE04821D9698220087B0D0 /* HotelDetailContainerViewController.swift in Sources */,
				35EA612A1D970A9E007208B0 /* Flight.swift in Sources */,
				35EA61211D96F26E007208B0 /* APIController + Hotel.swift in Sources */,
			);
			runOnlyForDeploymentPostprocessing = 0;
		};
		35CE045D1D9695970087B0D0 /* Sources */ = {
			isa = PBXSourcesBuildPhase;
			buildActionMask = 2147483647;
			files = (
				35CE04661D9695970087B0D0 /* DemoInSwiftThreeTests.swift in Sources */,
			);
			runOnlyForDeploymentPostprocessing = 0;
		};
		35CE04681D9695970087B0D0 /* Sources */ = {
			isa = PBXSourcesBuildPhase;
			buildActionMask = 2147483647;
			files = (
				35CE04711D9695970087B0D0 /* DemoInSwiftThreeUITests.swift in Sources */,
			);
			runOnlyForDeploymentPostprocessing = 0;
		};
/* End PBXSourcesBuildPhase section */

/* Begin PBXTargetDependency section */
		35CE04631D9695970087B0D0 /* PBXTargetDependency */ = {
			isa = PBXTargetDependency;
			target = 35CE04491D9695970087B0D0 /* DemoInSwiftThree */;
			targetProxy = 35CE04621D9695970087B0D0 /* PBXContainerItemProxy */;
		};
		35CE046E1D9695970087B0D0 /* PBXTargetDependency */ = {
			isa = PBXTargetDependency;
			target = 35CE04491D9695970087B0D0 /* DemoInSwiftThree */;
			targetProxy = 35CE046D1D9695970087B0D0 /* PBXContainerItemProxy */;
		};
/* End PBXTargetDependency section */

/* Begin PBXVariantGroup section */
		35CE04591D9695970087B0D0 /* LaunchScreen.storyboard */ = {
			isa = PBXVariantGroup;
			children = (
				35CE045A1D9695970087B0D0 /* Base */,
			);
			name = LaunchScreen.storyboard;
			sourceTree = "<group>";
		};
/* End PBXVariantGroup section */

/* Begin XCBuildConfiguration section */
		35CE04731D9695970087B0D0 /* Debug */ = {
			isa = XCBuildConfiguration;
			buildSettings = {
				ALWAYS_SEARCH_USER_PATHS = NO;
				CLANG_ANALYZER_NONNULL = YES;
				CLANG_CXX_LANGUAGE_STANDARD = "gnu++0x";
				CLANG_CXX_LIBRARY = "libc++";
				CLANG_ENABLE_MODULES = YES;
				CLANG_ENABLE_OBJC_ARC = YES;
				CLANG_WARN_BOOL_CONVERSION = YES;
				CLANG_WARN_CONSTANT_CONVERSION = YES;
				CLANG_WARN_DIRECT_OBJC_ISA_USAGE = YES_ERROR;
				CLANG_WARN_DOCUMENTATION_COMMENTS = YES;
				CLANG_WARN_EMPTY_BODY = YES;
				CLANG_WARN_ENUM_CONVERSION = YES;
				CLANG_WARN_INFINITE_RECURSION = YES;
				CLANG_WARN_INT_CONVERSION = YES;
				CLANG_WARN_OBJC_ROOT_CLASS = YES_ERROR;
				CLANG_WARN_SUSPICIOUS_MOVES = YES;
				CLANG_WARN_UNREACHABLE_CODE = YES;
				CLANG_WARN__DUPLICATE_METHOD_MATCH = YES;
				"CODE_SIGN_IDENTITY[sdk=iphoneos*]" = "iPhone Developer";
				COPY_PHASE_STRIP = NO;
				DEBUG_INFORMATION_FORMAT = dwarf;
				ENABLE_STRICT_OBJC_MSGSEND = YES;
				ENABLE_TESTABILITY = YES;
				GCC_C_LANGUAGE_STANDARD = gnu99;
				GCC_DYNAMIC_NO_PIC = NO;
				GCC_NO_COMMON_BLOCKS = YES;
				GCC_OPTIMIZATION_LEVEL = 0;
				GCC_PREPROCESSOR_DEFINITIONS = (
					"DEBUG=1",
					"$(inherited)",
				);
				GCC_WARN_64_TO_32_BIT_CONVERSION = YES;
				GCC_WARN_ABOUT_RETURN_TYPE = YES_ERROR;
				GCC_WARN_UNDECLARED_SELECTOR = YES;
				GCC_WARN_UNINITIALIZED_AUTOS = YES_AGGRESSIVE;
				GCC_WARN_UNUSED_FUNCTION = YES;
				GCC_WARN_UNUSED_VARIABLE = YES;
				IPHONEOS_DEPLOYMENT_TARGET = 10.0;
				MTL_ENABLE_DEBUG_INFO = YES;
				ONLY_ACTIVE_ARCH = YES;
				SDKROOT = iphoneos;
				SWIFT_ACTIVE_COMPILATION_CONDITIONS = DEBUG;
				SWIFT_OPTIMIZATION_LEVEL = "-Onone";
				TARGETED_DEVICE_FAMILY = "1,2";
			};
			name = Debug;
		};
		35CE04741D9695970087B0D0 /* Release */ = {
			isa = XCBuildConfiguration;
			buildSettings = {
				ALWAYS_SEARCH_USER_PATHS = NO;
				CLANG_ANALYZER_NONNULL = YES;
				CLANG_CXX_LANGUAGE_STANDARD = "gnu++0x";
				CLANG_CXX_LIBRARY = "libc++";
				CLANG_ENABLE_MODULES = YES;
				CLANG_ENABLE_OBJC_ARC = YES;
				CLANG_WARN_BOOL_CONVERSION = YES;
				CLANG_WARN_CONSTANT_CONVERSION = YES;
				CLANG_WARN_DIRECT_OBJC_ISA_USAGE = YES_ERROR;
				CLANG_WARN_DOCUMENTATION_COMMENTS = YES;
				CLANG_WARN_EMPTY_BODY = YES;
				CLANG_WARN_ENUM_CONVERSION = YES;
				CLANG_WARN_INFINITE_RECURSION = YES;
				CLANG_WARN_INT_CONVERSION = YES;
				CLANG_WARN_OBJC_ROOT_CLASS = YES_ERROR;
				CLANG_WARN_SUSPICIOUS_MOVES = YES;
				CLANG_WARN_UNREACHABLE_CODE = YES;
				CLANG_WARN__DUPLICATE_METHOD_MATCH = YES;
				"CODE_SIGN_IDENTITY[sdk=iphoneos*]" = "iPhone Developer";
				COPY_PHASE_STRIP = NO;
				DEBUG_INFORMATION_FORMAT = "dwarf-with-dsym";
				ENABLE_NS_ASSERTIONS = NO;
				ENABLE_STRICT_OBJC_MSGSEND = YES;
				GCC_C_LANGUAGE_STANDARD = gnu99;
				GCC_NO_COMMON_BLOCKS = YES;
				GCC_WARN_64_TO_32_BIT_CONVERSION = YES;
				GCC_WARN_ABOUT_RETURN_TYPE = YES_ERROR;
				GCC_WARN_UNDECLARED_SELECTOR = YES;
				GCC_WARN_UNINITIALIZED_AUTOS = YES_AGGRESSIVE;
				GCC_WARN_UNUSED_FUNCTION = YES;
				GCC_WARN_UNUSED_VARIABLE = YES;
				IPHONEOS_DEPLOYMENT_TARGET = 10.0;
				MTL_ENABLE_DEBUG_INFO = NO;
				SDKROOT = iphoneos;
				SWIFT_OPTIMIZATION_LEVEL = "-Owholemodule";
				TARGETED_DEVICE_FAMILY = "1,2";
				VALIDATE_PRODUCT = YES;
			};
			name = Release;
		};
		35CE04761D9695970087B0D0 /* Debug */ = {
			isa = XCBuildConfiguration;
			baseConfigurationReference = 8038E91B8763D903071464C0 /* Pods-DemoInSwiftThree.debug.xcconfig */;
			buildSettings = {
				ASSETCATALOG_COMPILER_APPICON_NAME = AppIcon;
				INFOPLIST_FILE = DemoInSwiftThree/Info.plist;
				LD_RUNPATH_SEARCH_PATHS = "$(inherited) @executable_path/Frameworks";
				PRODUCT_BUNDLE_IDENTIFIER = com.RyanWillis.DemoInSwiftThree;
				PRODUCT_NAME = "$(TARGET_NAME)";
				SWIFT_VERSION = 3.0;
			};
			name = Debug;
		};
		35CE04771D9695970087B0D0 /* Release */ = {
			isa = XCBuildConfiguration;
			baseConfigurationReference = 3AB26B8344BCF835D2E30321 /* Pods-DemoInSwiftThree.release.xcconfig */;
			buildSettings = {
				ASSETCATALOG_COMPILER_APPICON_NAME = AppIcon;
				INFOPLIST_FILE = DemoInSwiftThree/Info.plist;
				LD_RUNPATH_SEARCH_PATHS = "$(inherited) @executable_path/Frameworks";
				PRODUCT_BUNDLE_IDENTIFIER = com.RyanWillis.DemoInSwiftThree;
				PRODUCT_NAME = "$(TARGET_NAME)";
				SWIFT_VERSION = 3.0;
			};
			name = Release;
		};
		35CE04791D9695970087B0D0 /* Debug */ = {
			isa = XCBuildConfiguration;
			buildSettings = {
				ALWAYS_EMBED_SWIFT_STANDARD_LIBRARIES = YES;
				BUNDLE_LOADER = "$(TEST_HOST)";
				INFOPLIST_FILE = DemoInSwiftThreeTests/Info.plist;
				LD_RUNPATH_SEARCH_PATHS = "$(inherited) @executable_path/Frameworks @loader_path/Frameworks";
				PRODUCT_BUNDLE_IDENTIFIER = com.RyanWillis.DemoInSwiftThreeTests;
				PRODUCT_NAME = "$(TARGET_NAME)";
				SWIFT_VERSION = 3.0;
				TEST_HOST = "$(BUILT_PRODUCTS_DIR)/DemoInSwiftThree.app/DemoInSwiftThree";
			};
			name = Debug;
		};
		35CE047A1D9695970087B0D0 /* Release */ = {
			isa = XCBuildConfiguration;
			buildSettings = {
				ALWAYS_EMBED_SWIFT_STANDARD_LIBRARIES = YES;
				BUNDLE_LOADER = "$(TEST_HOST)";
				INFOPLIST_FILE = DemoInSwiftThreeTests/Info.plist;
				LD_RUNPATH_SEARCH_PATHS = "$(inherited) @executable_path/Frameworks @loader_path/Frameworks";
				PRODUCT_BUNDLE_IDENTIFIER = com.RyanWillis.DemoInSwiftThreeTests;
				PRODUCT_NAME = "$(TARGET_NAME)";
				SWIFT_VERSION = 3.0;
				TEST_HOST = "$(BUILT_PRODUCTS_DIR)/DemoInSwiftThree.app/DemoInSwiftThree";
			};
			name = Release;
		};
		35CE047C1D9695970087B0D0 /* Debug */ = {
			isa = XCBuildConfiguration;
			buildSettings = {
				ALWAYS_EMBED_SWIFT_STANDARD_LIBRARIES = YES;
				INFOPLIST_FILE = DemoInSwiftThreeUITests/Info.plist;
				LD_RUNPATH_SEARCH_PATHS = "$(inherited) @executable_path/Frameworks @loader_path/Frameworks";
				PRODUCT_BUNDLE_IDENTIFIER = com.RyanWillis.DemoInSwiftThreeUITests;
				PRODUCT_NAME = "$(TARGET_NAME)";
				SWIFT_VERSION = 3.0;
				TEST_TARGET_NAME = DemoInSwiftThree;
			};
			name = Debug;
		};
		35CE047D1D9695970087B0D0 /* Release */ = {
			isa = XCBuildConfiguration;
			buildSettings = {
				ALWAYS_EMBED_SWIFT_STANDARD_LIBRARIES = YES;
				INFOPLIST_FILE = DemoInSwiftThreeUITests/Info.plist;
				LD_RUNPATH_SEARCH_PATHS = "$(inherited) @executable_path/Frameworks @loader_path/Frameworks";
				PRODUCT_BUNDLE_IDENTIFIER = com.RyanWillis.DemoInSwiftThreeUITests;
				PRODUCT_NAME = "$(TARGET_NAME)";
				SWIFT_VERSION = 3.0;
				TEST_TARGET_NAME = DemoInSwiftThree;
			};
			name = Release;
		};
/* End XCBuildConfiguration section */

/* Begin XCConfigurationList section */
		35CE04451D9695970087B0D0 /* Build configuration list for PBXProject "DemoInSwiftThree" */ = {
			isa = XCConfigurationList;
			buildConfigurations = (
				35CE04731D9695970087B0D0 /* Debug */,
				35CE04741D9695970087B0D0 /* Release */,
			);
			defaultConfigurationIsVisible = 0;
			defaultConfigurationName = Release;
		};
		35CE04751D9695970087B0D0 /* Build configuration list for PBXNativeTarget "DemoInSwiftThree" */ = {
			isa = XCConfigurationList;
			buildConfigurations = (
				35CE04761D9695970087B0D0 /* Debug */,
				35CE04771D9695970087B0D0 /* Release */,
			);
			defaultConfigurationIsVisible = 0;
			defaultConfigurationName = Release;
		};
		35CE04781D9695970087B0D0 /* Build configuration list for PBXNativeTarget "DemoInSwiftThreeTests" */ = {
			isa = XCConfigurationList;
			buildConfigurations = (
				35CE04791D9695970087B0D0 /* Debug */,
				35CE047A1D9695970087B0D0 /* Release */,
			);
			defaultConfigurationIsVisible = 0;
			defaultConfigurationName = Release;
		};
		35CE047B1D9695970087B0D0 /* Build configuration list for PBXNativeTarget "DemoInSwiftThreeUITests" */ = {
			isa = XCConfigurationList;
			buildConfigurations = (
				35CE047C1D9695970087B0D0 /* Debug */,
				35CE047D1D9695970087B0D0 /* Release */,
			);
			defaultConfigurationIsVisible = 0;
			defaultConfigurationName = Release;
		};
/* End XCConfigurationList section */

/* Begin XCVersionGroup section */
		35CE04541D9695970087B0D0 /* DemoInSwiftThree.xcdatamodeld */ = {
			isa = XCVersionGroup;
			children = (
				35CE04551D9695970087B0D0 /* DemoInSwiftThree.xcdatamodel */,
			);
			currentVersion = 35CE04551D9695970087B0D0 /* DemoInSwiftThree.xcdatamodel */;
			path = DemoInSwiftThree.xcdatamodeld;
			sourceTree = "<group>";
			versionGroupType = wrapper.xcdatamodel;
		};
/* End XCVersionGroup section */
	};
	rootObject = 35CE04421D9695970087B0D0 /* Project object */;
}
